// !$*UTF8*$!
{
	archiveVersion = 1;
	classes = {
	};
	objectVersion = 50;
	objects = {

/* Begin PBXBuildFile section */
		B236307D283EAD6000C85275 /* AppDelegate.swift in Sources */ = {isa = PBXBuildFile; fileRef = B236307C283EAD6000C85275 /* AppDelegate.swift */; };
		B236307F283EAD6000C85275 /* SceneDelegate.swift in Sources */ = {isa = PBXBuildFile; fileRef = B236307E283EAD6000C85275 /* SceneDelegate.swift */; };
		B2363084283EAD6000C85275 /* Main.storyboard in Resources */ = {isa = PBXBuildFile; fileRef = B2363082283EAD6000C85275 /* Main.storyboard */; };
		B2363086283EAD6800C85275 /* Assets.xcassets in Resources */ = {isa = PBXBuildFile; fileRef = B2363085283EAD6800C85275 /* Assets.xcassets */; };
		B2363089283EAD6800C85275 /* LaunchScreen.storyboard in Resources */ = {isa = PBXBuildFile; fileRef = B2363087283EAD6800C85275 /* LaunchScreen.storyboard */; };
		B2363093283EC8BA00C85275 /* HomeViewController.swift in Sources */ = {isa = PBXBuildFile; fileRef = B2363092283EC8BA00C85275 /* HomeViewController.swift */; };
		B2363095283F228400C85275 /* Opcion1ViewController.swift in Sources */ = {isa = PBXBuildFile; fileRef = B2363094283F228400C85275 /* Opcion1ViewController.swift */; };
		B2363097283F22AC00C85275 /* Opcion2ViewController.swift in Sources */ = {isa = PBXBuildFile; fileRef = B2363096283F22AC00C85275 /* Opcion2ViewController.swift */; };
		B2363099283F22C600C85275 /* Opcion3ViewController.swift in Sources */ = {isa = PBXBuildFile; fileRef = B2363098283F22C600C85275 /* Opcion3ViewController.swift */; };
/* End PBXBuildFile section */

/* Begin PBXFileReference section */
		B2363079283EAD6000C85275 /* Parcial_NRC1147_DarwinZegarra.app */ = {isa = PBXFileReference; explicitFileType = wrapper.application; includeInIndex = 0; path = Parcial_NRC1147_DarwinZegarra.app; sourceTree = BUILT_PRODUCTS_DIR; };
		B236307C283EAD6000C85275 /* AppDelegate.swift */ = {isa = PBXFileReference; lastKnownFileType = sourcecode.swift; path = AppDelegate.swift; sourceTree = "<group>"; };
		B236307E283EAD6000C85275 /* SceneDelegate.swift */ = {isa = PBXFileReference; lastKnownFileType = sourcecode.swift; path = SceneDelegate.swift; sourceTree = "<group>"; };
		B2363083283EAD6000C85275 /* Base */ = {isa = PBXFileReference; lastKnownFileType = file.storyboard; name = Base; path = Base.lproj/Main.storyboard; sourceTree = "<group>"; };
		B2363085283EAD6800C85275 /* Assets.xcassets */ = {isa = PBXFileReference; lastKnownFileType = folder.assetcatalog; path = Assets.xcassets; sourceTree = "<group>"; };
		B2363088283EAD6800C85275 /* Base */ = {isa = PBXFileReference; lastKnownFileType = file.storyboard; name = Base; path = Base.lproj/LaunchScreen.storyboard; sourceTree = "<group>"; };
		B236308A283EAD6800C85275 /* Info.plist */ = {isa = PBXFileReference; lastKnownFileType = text.plist.xml; path = Info.plist; sourceTree = "<group>"; };
		B2363092283EC8BA00C85275 /* HomeViewController.swift */ = {isa = PBXFileReference; lastKnownFileType = sourcecode.swift; path = HomeViewController.swift; sourceTree = "<group>"; };
		B2363094283F228400C85275 /* Opcion1ViewController.swift */ = {isa = PBXFileReference; lastKnownFileType = sourcecode.swift; path = Opcion1ViewController.swift; sourceTree = "<group>"; };
		B2363096283F22AC00C85275 /* Opcion2ViewController.swift */ = {isa = PBXFileReference; lastKnownFileType = sourcecode.swift; path = Opcion2ViewController.swift; sourceTree = "<group>"; };
		B2363098283F22C600C85275 /* Opcion3ViewController.swift */ = {isa = PBXFileReference; lastKnownFileType = sourcecode.swift; path = Opcion3ViewController.swift; sourceTree = "<group>"; };
/* End PBXFileReference section */

/* Begin PBXFrameworksBuildPhase section */
		B2363076283EAD6000C85275 /* Frameworks */ = {
			isa = PBXFrameworksBuildPhase;
			buildActionMask = 2147483647;
			files = (
			);
			runOnlyForDeploymentPostprocessing = 0;
		};
/* End PBXFrameworksBuildPhase section */

/* Begin PBXGroup section */
		B2363070283EAD6000C85275 = {
			isa = PBXGroup;
			children = (
				B236307B283EAD6000C85275 /* Parcial_NRC1147_DarwinZegarra */,
				B236307A283EAD6000C85275 /* Products */,
			);
			sourceTree = "<group>";
		};
		B236307A283EAD6000C85275 /* Products */ = {
			isa = PBXGroup;
			children = (
				B2363079283EAD6000C85275 /* Parcial_NRC1147_DarwinZegarra.app */,
			);
			name = Products;
			sourceTree = "<group>";
		};
		B236307B283EAD6000C85275 /* Parcial_NRC1147_DarwinZegarra */ = {
			isa = PBXGroup;
			children = (
				B236307C283EAD6000C85275 /* AppDelegate.swift */,
				B236307E283EAD6000C85275 /* SceneDelegate.swift */,
				B2363082283EAD6000C85275 /* Main.storyboard */,
				B2363085283EAD6800C85275 /* Assets.xcassets */,
				B2363087283EAD6800C85275 /* LaunchScreen.storyboard */,
				B236308A283EAD6800C85275 /* Info.plist */,
				B2363092283EC8BA00C85275 /* HomeViewController.swift */,
				B2363094283F228400C85275 /* Opcion1ViewController.swift */,
				B2363096283F22AC00C85275 /* Opcion2ViewController.swift */,
				B2363098283F22C600C85275 /* Opcion3ViewController.swift */,
			);
			path = Parcial_NRC1147_DarwinZegarra;
			sourceTree = "<group>";
		};
/* End PBXGroup section */

/* Begin PBXNativeTarget section */
		B2363078283EAD6000C85275 /* Parcial_NRC1147_DarwinZegarra */ = {
			isa = PBXNativeTarget;
			buildConfigurationList = B236308D283EAD6800C85275 /* Build configuration list for PBXNativeTarget "Parcial_NRC1147_DarwinZegarra" */;
			buildPhases = (
				B2363075283EAD6000C85275 /* Sources */,
				B2363076283EAD6000C85275 /* Frameworks */,
				B2363077283EAD6000C85275 /* Resources */,
			);
			buildRules = (
			);
			dependencies = (
			);
			name = Parcial_NRC1147_DarwinZegarra;
			productName = Parcial_NRC1147_DarwinZegarra;
			productReference = B2363079283EAD6000C85275 /* Parcial_NRC1147_DarwinZegarra.app */;
			productType = "com.apple.product-type.application";
		};
/* End PBXNativeTarget section */

/* Begin PBXProject section */
		B2363071283EAD6000C85275 /* Project object */ = {
			isa = PBXProject;
			attributes = {
				LastSwiftUpdateCheck = 1250;
				LastUpgradeCheck = 1250;
				TargetAttributes = {
					B2363078283EAD6000C85275 = {
						CreatedOnToolsVersion = 12.5.1;
					};
				};
			};
			buildConfigurationList = B2363074283EAD6000C85275 /* Build configuration list for PBXProject "Parcial_NRC1147_DarwinZegarra" */;
			compatibilityVersion = "Xcode 9.3";
			developmentRegion = en;
			hasScannedForEncodings = 0;
			knownRegions = (
				en,
				Base,
			);
			mainGroup = B2363070283EAD6000C85275;
			productRefGroup = B236307A283EAD6000C85275 /* Products */;
			projectDirPath = "";
			projectRoot = "";
			targets = (
				B2363078283EAD6000C85275 /* Parcial_NRC1147_DarwinZegarra */,
			);
		};
/* End PBXProject section */

/* Begin PBXResourcesBuildPhase section */
		B2363077283EAD6000C85275 /* Resources */ = {
			isa = PBXResourcesBuildPhase;
			buildActionMask = 2147483647;
			files = (
				B2363089283EAD6800C85275 /* LaunchScreen.storyboard in Resources */,
				B2363086283EAD6800C85275 /* Assets.xcassets in Resources */,
				B2363084283EAD6000C85275 /* Main.storyboard in Resources */,
			);
			runOnlyForDeploymentPostprocessing = 0;
		};
/* End PBXResourcesBuildPhase section */

/* Begin PBXSourcesBuildPhase section */
		B2363075283EAD6000C85275 /* Sources */ = {
			isa = PBXSourcesBuildPhase;
			buildActionMask = 2147483647;
			files = (
				B236307D283EAD6000C85275 /* AppDelegate.swift in Sources */,
				B236307F283EAD6000C85275 /* SceneDelegate.swift in Sources */,
				B2363095283F228400C85275 /* Opcion1ViewController.swift in Sources */,
				B2363093283EC8BA00C85275 /* HomeViewController.swift in Sources */,
				B2363099283F22C600C85275 /* Opcion3ViewController.swift in Sources */,
				B2363097283F22AC00C85275 /* Opcion2ViewController.swift in Sources */,
			);
			runOnlyForDeploymentPostprocessing = 0;
		};
/* End PBXSourcesBuildPhase section */

/* Begin PBXVariantGroup section */
		B2363082283EAD6000C85275 /* Main.storyboard */ = {
			isa = PBXVariantGroup;
			children = (
				B2363083283EAD6000C85275 /* Base */,
			);
			name = Main.storyboard;
			sourceTree = "<group>";
		};
		B2363087283EAD6800C85275 /* LaunchScreen.storyboard */ = {
			isa = PBXVariantGroup;
			children = (
				B2363088283EAD6800C85275 /* Base */,
			);
			name = LaunchScreen.storyboard;
			sourceTree = "<group>";
		};
/* End PBXVariantGroup section */

/* Begin XCBuildConfiguration section */
		B236308B283EAD6800C85275 /* Debug */ = {
			isa = XCBuildConfiguration;
			buildSettings = {
				ALWAYS_SEARCH_USER_PATHS = NO;
				CLANG_ANALYZER_NONNULL = YES;
				CLANG_ANALYZER_NUMBER_OBJECT_CONVERSION = YES_AGGRESSIVE;
				CLANG_CXX_LANGUAGE_STANDARD = "gnu++14";
				CLANG_CXX_LIBRARY = "libc++";
				CLANG_ENABLE_MODULES = YES;
				CLANG_ENABLE_OBJC_ARC = YES;
				CLANG_ENABLE_OBJC_WEAK = YES;
				CLANG_WARN_BLOCK_CAPTURE_AUTORELEASING = YES;
				CLANG_WARN_BOOL_CONVERSION = YES;
				CLANG_WARN_COMMA = YES;
				CLANG_WARN_CONSTANT_CONVERSION = YES;
				CLANG_WARN_DEPRECATED_OBJC_IMPLEMENTATIONS = YES;
				CLANG_WARN_DIRECT_OBJC_ISA_USAGE = YES_ERROR;
				CLANG_WARN_DOCUMENTATION_COMMENTS = YES;
				CLANG_WARN_EMPTY_BODY = YES;
				CLANG_WARN_ENUM_CONVERSION = YES;
				CLANG_WARN_INFINITE_RECURSION = YES;
				CLANG_WARN_INT_CONVERSION = YES;
				CLANG_WARN_NON_LITERAL_NULL_CONVERSION = YES;
				CLANG_WARN_OBJC_IMPLICIT_RETAIN_SELF = YES;
				CLANG_WARN_OBJC_LITERAL_CONVERSION = YES;
				CLANG_WARN_OBJC_ROOT_CLASS = YES_ERROR;
				CLANG_WARN_QUOTED_INCLUDE_IN_FRAMEWORK_HEADER = YES;
				CLANG_WARN_RANGE_LOOP_ANALYSIS = YES;
				CLANG_WARN_STRICT_PROTOTYPES = YES;
				CLANG_WARN_SUSPICIOUS_MOVE = YES;
				CLANG_WARN_UNGUARDED_AVAILABILITY = YES_AGGRESSIVE;
				CLANG_WARN_UNREACHABLE_CODE = YES;
				CLANG_WARN__DUPLICATE_METHOD_MATCH = YES;
				COPY_PHASE_STRIP = NO;
				DEBUG_INFORMATION_FORMAT = dwarf;
				ENABLE_STRICT_OBJC_MSGSEND = YES;
				ENABLE_TESTABILITY = YES;
				GCC_C_LANGUAGE_STANDARD = gnu11;
				GCC_DYNAMIC_NO_PIC = NO;
				GCC_NO_COMMON_BLOCKS = YES;
				GCC_OPTIMIZATION_LEVEL = 0;
				GCC_PREPROCESSOR_DEFINITIONS = (
					"DEBUG=1",
					"$(inherited)",
				);
				GCC_WARN_64_TO_32_BIT_CONVERSION = YES;
				GCC_WARN_ABOUT_RETURN_TYPE = YES_ERROR;
				GCC_WARN_UNDECLARED_SELECTOR = YES;
				GCC_WARN_UNINITIALIZED_AUTOS = YES_AGGRESSIVE;
				GCC_WARN_UNUSED_FUNCTION = YES;
				GCC_WARN_UNUSED_VARIABLE = YES;
				IPHONEOS_DEPLOYMENT_TARGET = 14.5;
				MTL_ENABLE_DEBUG_INFO = INCLUDE_SOURCE;
				MTL_FAST_MATH = YES;
				ONLY_ACTIVE_ARCH = YES;
				SDKROOT = iphoneos;
				SWIFT_ACTIVE_COMPILATION_CONDITIONS = DEBUG;
				SWIFT_OPTIMIZATION_LEVEL = "-Onone";
			};
			name = Debug;
		};
		B236308C283EAD6800C85275 /* Release */ = {
			isa = XCBuildConfiguration;
			buildSettings = {
				ALWAYS_SEARCH_USER_PATHS = NO;
				CLANG_ANALYZER_NONNULL = YES;
				CLANG_ANALYZER_NUMBER_OBJECT_CONVERSION = YES_AGGRESSIVE;
				CLANG_CXX_LANGUAGE_STANDARD = "gnu++14";
				CLANG_CXX_LIBRARY = "libc++";
				CLANG_ENABLE_MODULES = YES;
				CLANG_ENABLE_OBJC_ARC = YES;
				CLANG_ENABLE_OBJC_WEAK = YES;
				CLANG_WARN_BLOCK_CAPTURE_AUTORELEASING = YES;
				CLANG_WARN_BOOL_CONVERSION = YES;
				CLANG_WARN_COMMA = YES;
				CLANG_WARN_CONSTANT_CONVERSION = YES;
				CLANG_WARN_DEPRECATED_OBJC_IMPLEMENTATIONS = YES;
				CLANG_WARN_DIRECT_OBJC_ISA_USAGE = YES_ERROR;
				CLANG_WARN_DOCUMENTATION_COMMENTS = YES;
				CLANG_WARN_EMPTY_BODY = YES;
				CLANG_WARN_ENUM_CONVERSION = YES;
				CLANG_WARN_INFINITE_RECURSION = YES;
				CLANG_WARN_INT_CONVERSION = YES;
				CLANG_WARN_NON_LITERAL_NULL_CONVERSION = YES;
				CLANG_WARN_OBJC_IMPLICIT_RETAIN_SELF = YES;
				CLANG_WARN_OBJC_LITERAL_CONVERSION = YES;
				CLANG_WARN_OBJC_ROOT_CLASS = YES_ERROR;
				CLANG_WARN_QUOTED_INCLUDE_IN_FRAMEWORK_HEADER = YES;
				CLANG_WARN_RANGE_LOOP_ANALYSIS = YES;
				CLANG_WARN_STRICT_PROTOTYPES = YES;
				CLANG_WARN_SUSPICIOUS_MOVE = YES;
				CLANG_WARN_UNGUARDED_AVAILABILITY = YES_AGGRESSIVE;
				CLANG_WARN_UNREACHABLE_CODE = YES;
				CLANG_WARN__DUPLICATE_METHOD_MATCH = YES;
				COPY_PHASE_STRIP = NO;
				DEBUG_INFORMATION_FORMAT = "dwarf-with-dsym";
				ENABLE_NS_ASSERTIONS = NO;
				ENABLE_STRICT_OBJC_MSGSEND = YES;
				GCC_C_LANGUAGE_STANDARD = gnu11;
				GCC_NO_COMMON_BLOCKS = YES;
				GCC_WARN_64_TO_32_BIT_CONVERSION = YES;
				GCC_WARN_ABOUT_RETURN_TYPE = YES_ERROR;
				GCC_WARN_UNDECLARED_SELECTOR = YES;
				GCC_WARN_UNINITIALIZED_AUTOS = YES_AGGRESSIVE;
				GCC_WARN_UNUSED_FUNCTION = YES;
				GCC_WARN_UNUSED_VARIABLE = YES;
				IPHONEOS_DEPLOYMENT_TARGET = 14.5;
				MTL_ENABLE_DEBUG_INFO = NO;
				MTL_FAST_MATH = YES;
				SDKROOT = iphoneos;
				SWIFT_COMPILATION_MODE = wholemodule;
				SWIFT_OPTIMIZATION_LEVEL = "-O";
				VALIDATE_PRODUCT = YES;
			};
			name = Release;
		};
		B236308E283EAD6800C85275 /* Debug */ = {
			isa = XCBuildConfiguration;
			buildSettings = {
				ASSETCATALOG_COMPILER_APPICON_NAME = AppIcon;
				ASSETCATALOG_COMPILER_GLOBAL_ACCENT_COLOR_NAME = AccentColor;
				CODE_SIGN_STYLE = Automatic;
				DEVELOPMENT_TEAM = NBK88M2T4T;
				INFOPLIST_FILE = Parcial_NRC1147_DarwinZegarra/Info.plist;
				LD_RUNPATH_SEARCH_PATHS = (
					"$(inherited)",
					"@executable_path/Frameworks",
				);
				PRODUCT_BUNDLE_IDENTIFIER = "DarwinZegarra.Parcial-NRC1147-DarwinZegarra";
				PRODUCT_NAME = "$(TARGET_NAME)";
				SWIFT_VERSION = 5.0;
				TARGETED_DEVICE_FAMILY = "1,2";
			};
			name = Debug;
		};
		B236308F283EAD6800C85275 /* Release */ = {
			isa = XCBuildConfiguration;
			buildSettings = {
				ASSETCATALOG_COMPILER_APPICON_NAME = AppIcon;
				ASSETCATALOG_COMPILER_GLOBAL_ACCENT_COLOR_NAME = AccentColor;
				CODE_SIGN_STYLE = Automatic;
				DEVELOPMENT_TEAM = NBK88M2T4T;
				INFOPLIST_FILE = Parcial_NRC1147_DarwinZegarra/Info.plist;
				LD_RUNPATH_SEARCH_PATHS = (
					"$(inherited)",
					"@executable_path/Frameworks",
				);
				PRODUCT_BUNDLE_IDENTIFIER = "DarwinZegarra.Parcial-NRC1147-DarwinZegarra";
				PRODUCT_NAME = "$(TARGET_NAME)";
				SWIFT_VERSION = 5.0;
				TARGETED_DEVICE_FAMILY = "1,2";
			};
			name = Release;
		};
/* End XCBuildConfiguration section */

/* Begin XCConfigurationList section */
		B2363074283EAD6000C85275 /* Build configuration list for PBXProject "Parcial_NRC1147_DarwinZegarra" */ = {
			isa = XCConfigurationList;
			buildConfigurations = (
				B236308B283EAD6800C85275 /* Debug */,
				B236308C283EAD6800C85275 /* Release */,
			);
			defaultConfigurationIsVisible = 0;
			defaultConfigurationName = Release;
		};
		B236308D283EAD6800C85275 /* Build configuration list for PBXNativeTarget "Parcial_NRC1147_DarwinZegarra" */ = {
			isa = XCConfigurationList;
			buildConfigurations = (
				B236308E283EAD6800C85275 /* Debug */,
				B236308F283EAD6800C85275 /* Release */,
			);
			defaultConfigurationIsVisible = 0;
			defaultConfigurationName = Release;
		};
/* End XCConfigurationList section */
	};
	rootObject = B2363071283EAD6000C85275 /* Project object */;
}
